// !$*UTF8*$!
{
	archiveVersion = 1;
	classes = {
	};
	objectVersion = 55;
	objects = {

/* Begin PBXBuildFile section */
		35229CC928649C8A00E9C917 /* UIViewController+.swift in Sources */ = {isa = PBXBuildFile; fileRef = 35229CC828649C8A00E9C917 /* UIViewController+.swift */; };
		355C0E8C285643690076ABC4 /* MedicineViewController.swift in Sources */ = {isa = PBXBuildFile; fileRef = 355C0E8B285643690076ABC4 /* MedicineViewController.swift */; };
		355C0E8E285643BD0076ABC4 /* СalendarViewController.swift in Sources */ = {isa = PBXBuildFile; fileRef = 355C0E8D285643BD0076ABC4 /* СalendarViewController.swift */; };
		355C0E95285644410076ABC4 /* NursingViewController.swift in Sources */ = {isa = PBXBuildFile; fileRef = 355C0E94285644410076ABC4 /* NursingViewController.swift */; };
		355C0E982856448E0076ABC4 /* SubscriptionViewController.swift in Sources */ = {isa = PBXBuildFile; fileRef = 355C0E972856448E0076ABC4 /* SubscriptionViewController.swift */; };
		355C0E9C2856473E0076ABC4 /* CareCollectionViewCell.swift in Sources */ = {isa = PBXBuildFile; fileRef = 355C0E9B2856473E0076ABC4 /* CareCollectionViewCell.swift */; };
		355C0EA02856636B0076ABC4 /* UIView+.swift in Sources */ = {isa = PBXBuildFile; fileRef = 355C0E9F2856636B0076ABC4 /* UIView+.swift */; };
		35B06543286EE6B30056723E /* Montserrat-Medium.ttf in Resources */ = {isa = PBXBuildFile; fileRef = 35B06542286EE6B20056723E /* Montserrat-Medium.ttf */; };
		35B06545286EE6C30056723E /* Montserrat-Regular.ttf in Resources */ = {isa = PBXBuildFile; fileRef = 35B06544286EE6C30056723E /* Montserrat-Regular.ttf */; };
		35B06547286EE6DA0056723E /* Montserrat-SemiBold.ttf in Resources */ = {isa = PBXBuildFile; fileRef = 35B06546286EE6D90056723E /* Montserrat-SemiBold.ttf */; };
		35B06549286EE6E90056723E /* Montserrat-Bold.ttf in Resources */ = {isa = PBXBuildFile; fileRef = 35B06548286EE6E90056723E /* Montserrat-Bold.ttf */; };
		35D1B0CD285724E400022C5D /* UIStackView+.swift in Sources */ = {isa = PBXBuildFile; fileRef = 35D1B0CC285724E400022C5D /* UIStackView+.swift */; };
		35F52B2D2858BF69002C37E3 /* ResizibleLayout.swift in Sources */ = {isa = PBXBuildFile; fileRef = 35F52B2C2858BF69002C37E3 /* ResizibleLayout.swift */; };
		DC85A8A82864B79C00A60679 /* Object.swift in Sources */ = {isa = PBXBuildFile; fileRef = DC85A8A72864B79C00A60679 /* Object.swift */; };
		DC85A8AA2864B7CA00A60679 /* Cafe.swift in Sources */ = {isa = PBXBuildFile; fileRef = DC85A8A92864B7CA00A60679 /* Cafe.swift */; };
		DC85A8AC2864B7D800A60679 /* WalkingGround.swift in Sources */ = {isa = PBXBuildFile; fileRef = DC85A8AB2864B7D800A60679 /* WalkingGround.swift */; };
		DC85A8AE2864B94900A60679 /* Shop.swift in Sources */ = {isa = PBXBuildFile; fileRef = DC85A8AD2864B94900A60679 /* Shop.swift */; };
		DC85A8B02864FC0200A60679 /* MyAnnotation.swift in Sources */ = {isa = PBXBuildFile; fileRef = DC85A8AF2864FC0200A60679 /* MyAnnotation.swift */; };
		DC85A8B32865062800A60679 /* MapCollectionViewCell.swift in Sources */ = {isa = PBXBuildFile; fileRef = DC85A8B22865062800A60679 /* MapCollectionViewCell.swift */; };
		DCA8571B286DB9E2006692CA /* ListViewController.swift in Sources */ = {isa = PBXBuildFile; fileRef = DCA8571A286DB9E2006692CA /* ListViewController.swift */; };
		DCA8571D286DBA27006692CA /* ListViewControllerCell.swift in Sources */ = {isa = PBXBuildFile; fileRef = DCA8571C286DBA27006692CA /* ListViewControllerCell.swift */; };
		DD0BBF3E286CFFB400D3310A /* OwnerInformationViewController.swift in Sources */ = {isa = PBXBuildFile; fileRef = DD0BBF3D286CFFB400D3310A /* OwnerInformationViewController.swift */; };
		DD69D80C2851307F00CE464B /* User.swift in Sources */ = {isa = PBXBuildFile; fileRef = DD69D80B2851307E00CE464B /* User.swift */; };
		DD69D80E2851308D00CE464B /* Font.swift in Sources */ = {isa = PBXBuildFile; fileRef = DD69D80D2851308D00CE464B /* Font.swift */; };
		DD69D8112851376600CE464B /* MapViewController.swift in Sources */ = {isa = PBXBuildFile; fileRef = DD69D8102851376600CE464B /* MapViewController.swift */; };
		DD69D8132851377A00CE464B /* LoginToProfileViewController.swift in Sources */ = {isa = PBXBuildFile; fileRef = DD69D8122851377A00CE464B /* LoginToProfileViewController.swift */; };
		DD69D8152851379100CE464B /* CareViewController.swift in Sources */ = {isa = PBXBuildFile; fileRef = DD69D8142851379100CE464B /* CareViewController.swift */; };
		DD9859562864E632008801A1 /* FacebookBasics in Frameworks */ = {isa = PBXBuildFile; productRef = DD9859552864E632008801A1 /* FacebookBasics */; };
		DD9859582864E632008801A1 /* FacebookCore in Frameworks */ = {isa = PBXBuildFile; productRef = DD9859572864E632008801A1 /* FacebookCore */; };
		DD98595A2864E632008801A1 /* FacebookLogin in Frameworks */ = {isa = PBXBuildFile; productRef = DD9859592864E632008801A1 /* FacebookLogin */; };
		DD98595C2864E632008801A1 /* FacebookShare in Frameworks */ = {isa = PBXBuildFile; productRef = DD98595B2864E632008801A1 /* FacebookShare */; };
		DD98595F2864E689008801A1 /* FirebaseAnalytics in Frameworks */ = {isa = PBXBuildFile; productRef = DD98595E2864E689008801A1 /* FirebaseAnalytics */; };
		DD9859612864E689008801A1 /* FirebaseAppCheck in Frameworks */ = {isa = PBXBuildFile; productRef = DD9859602864E689008801A1 /* FirebaseAppCheck */; };
		DD9859632864E689008801A1 /* FirebaseAuth in Frameworks */ = {isa = PBXBuildFile; productRef = DD9859622864E689008801A1 /* FirebaseAuth */; };
		DD9859652864E689008801A1 /* FirebaseCrashlytics in Frameworks */ = {isa = PBXBuildFile; productRef = DD9859642864E689008801A1 /* FirebaseCrashlytics */; };
		DD9859672864E689008801A1 /* FirebaseDatabase in Frameworks */ = {isa = PBXBuildFile; productRef = DD9859662864E689008801A1 /* FirebaseDatabase */; };
		DD9859692864E689008801A1 /* FirebaseFirestore in Frameworks */ = {isa = PBXBuildFile; productRef = DD9859682864E689008801A1 /* FirebaseFirestore */; };
		DD98596B2864E689008801A1 /* FirebaseFunctions in Frameworks */ = {isa = PBXBuildFile; productRef = DD98596A2864E689008801A1 /* FirebaseFunctions */; };
		DD98596D2864E689008801A1 /* FirebaseInAppMessaging-Beta in Frameworks */ = {isa = PBXBuildFile; productRef = DD98596C2864E689008801A1 /* FirebaseInAppMessaging-Beta */; };
		DD98596F2864E689008801A1 /* FirebaseInstallations in Frameworks */ = {isa = PBXBuildFile; productRef = DD98596E2864E689008801A1 /* FirebaseInstallations */; };
		DD9859712864E689008801A1 /* FirebaseMessaging in Frameworks */ = {isa = PBXBuildFile; productRef = DD9859702864E689008801A1 /* FirebaseMessaging */; };
		DD9859732864E689008801A1 /* FirebaseStorage in Frameworks */ = {isa = PBXBuildFile; productRef = DD9859722864E689008801A1 /* FirebaseStorage */; };
		DD985977286B6807008801A1 /* ShowProfileViewController.swift in Sources */ = {isa = PBXBuildFile; fileRef = DD985976286B6807008801A1 /* ShowProfileViewController.swift */; };
		DD98597A286B9D3E008801A1 /* PetsTableViewCell.swift in Sources */ = {isa = PBXBuildFile; fileRef = DD985979286B9D3E008801A1 /* PetsTableViewCell.swift */; };
		DDB56D35283C0B6400C16CC3 /* CoreDataManager.swift in Sources */ = {isa = PBXBuildFile; fileRef = DDB56D34283C0B6400C16CC3 /* CoreDataManager.swift */; };
		DDB56D37283C0B7C00C16CC3 /* NotificationManager.swift in Sources */ = {isa = PBXBuildFile; fileRef = DDB56D36283C0B7C00C16CC3 /* NotificationManager.swift */; };
		DDB56D39283C0BAA00C16CC3 /* UIFont+.swift in Sources */ = {isa = PBXBuildFile; fileRef = DDB56D38283C0BAA00C16CC3 /* UIFont+.swift */; };
		DDB56D3B283C0BB700C16CC3 /* UIColor+.swift in Sources */ = {isa = PBXBuildFile; fileRef = DDB56D3A283C0BB700C16CC3 /* UIColor+.swift */; };
		DDB56D3E283C0DA300C16CC3 /* FirebaseManager.swift in Sources */ = {isa = PBXBuildFile; fileRef = DDB56D3D283C0DA300C16CC3 /* FirebaseManager.swift */; };
		DDBBD727283C071B0092847A /* AppDelegate.swift in Sources */ = {isa = PBXBuildFile; fileRef = DDBBD726283C071B0092847A /* AppDelegate.swift */; };
		DDBBD729283C071B0092847A /* SceneDelegate.swift in Sources */ = {isa = PBXBuildFile; fileRef = DDBBD728283C071B0092847A /* SceneDelegate.swift */; };
		DDBBD72B283C071B0092847A /* MainTabBarController.swift in Sources */ = {isa = PBXBuildFile; fileRef = DDBBD72A283C071B0092847A /* MainTabBarController.swift */; };
		DDBBD731283C071B0092847A /* PetsVille.xcdatamodeld in Sources */ = {isa = PBXBuildFile; fileRef = DDBBD72F283C071B0092847A /* PetsVille.xcdatamodeld */; };
		DDBBD733283C071D0092847A /* Assets.xcassets in Resources */ = {isa = PBXBuildFile; fileRef = DDBBD732283C071D0092847A /* Assets.xcassets */; };
		DDBBD736283C071D0092847A /* LaunchScreen.storyboard in Resources */ = {isa = PBXBuildFile; fileRef = DDBBD734283C071D0092847A /* LaunchScreen.storyboard */; };
		DDC1087D285BAEB700F5116E /* RegistrationViewController.swift in Sources */ = {isa = PBXBuildFile; fileRef = DDC1087C285BAEB700F5116E /* RegistrationViewController.swift */; };
		DDC1087F28609DA100F5116E /* GoogleService-Info.plist in Resources */ = {isa = PBXBuildFile; fileRef = DDC1087E28609DA000F5116E /* GoogleService-Info.plist */; };
		DDCEC6AB286DBF8000BC31DA /* UITextField+.swift in Sources */ = {isa = PBXBuildFile; fileRef = DDCEC6AA286DBF8000BC31DA /* UITextField+.swift */; };
/* End PBXBuildFile section */

/* Begin PBXFileReference section */
		35229CC828649C8A00E9C917 /* UIViewController+.swift */ = {isa = PBXFileReference; lastKnownFileType = sourcecode.swift; path = "UIViewController+.swift"; sourceTree = "<group>"; };
		355C0E8B285643690076ABC4 /* MedicineViewController.swift */ = {isa = PBXFileReference; lastKnownFileType = sourcecode.swift; path = MedicineViewController.swift; sourceTree = "<group>"; };
		355C0E8D285643BD0076ABC4 /* СalendarViewController.swift */ = {isa = PBXFileReference; lastKnownFileType = sourcecode.swift; path = "СalendarViewController.swift"; sourceTree = "<group>"; };
		355C0E94285644410076ABC4 /* NursingViewController.swift */ = {isa = PBXFileReference; lastKnownFileType = sourcecode.swift; path = NursingViewController.swift; sourceTree = "<group>"; };
		355C0E972856448E0076ABC4 /* SubscriptionViewController.swift */ = {isa = PBXFileReference; lastKnownFileType = sourcecode.swift; path = SubscriptionViewController.swift; sourceTree = "<group>"; };
		355C0E9B2856473E0076ABC4 /* CareCollectionViewCell.swift */ = {isa = PBXFileReference; lastKnownFileType = sourcecode.swift; path = CareCollectionViewCell.swift; sourceTree = "<group>"; };
		355C0E9F2856636B0076ABC4 /* UIView+.swift */ = {isa = PBXFileReference; lastKnownFileType = sourcecode.swift; path = "UIView+.swift"; sourceTree = "<group>"; };
		35B06542286EE6B20056723E /* Montserrat-Medium.ttf */ = {isa = PBXFileReference; lastKnownFileType = file; path = "Montserrat-Medium.ttf"; sourceTree = "<group>"; };
		35B06544286EE6C30056723E /* Montserrat-Regular.ttf */ = {isa = PBXFileReference; lastKnownFileType = file; name = "Montserrat-Regular.ttf"; path = "../../../../../Downloads/Montserrat 2/Montserrat-Regular.ttf"; sourceTree = "<group>"; };
		35B06546286EE6D90056723E /* Montserrat-SemiBold.ttf */ = {isa = PBXFileReference; lastKnownFileType = file; name = "Montserrat-SemiBold.ttf"; path = "../../../../../Downloads/Montserrat 2/Montserrat-SemiBold.ttf"; sourceTree = "<group>"; };
		35B06548286EE6E90056723E /* Montserrat-Bold.ttf */ = {isa = PBXFileReference; lastKnownFileType = file; name = "Montserrat-Bold.ttf"; path = "../../../../../Downloads/Montserrat 2/Montserrat-Bold.ttf"; sourceTree = "<group>"; };
		35D1B0CC285724E400022C5D /* UIStackView+.swift */ = {isa = PBXFileReference; lastKnownFileType = sourcecode.swift; path = "UIStackView+.swift"; sourceTree = "<group>"; };
		35F52B2C2858BF69002C37E3 /* ResizibleLayout.swift */ = {isa = PBXFileReference; lastKnownFileType = sourcecode.swift; path = ResizibleLayout.swift; sourceTree = "<group>"; };
		DC85A8A72864B79C00A60679 /* Object.swift */ = {isa = PBXFileReference; lastKnownFileType = sourcecode.swift; path = Object.swift; sourceTree = "<group>"; };
		DC85A8A92864B7CA00A60679 /* Cafe.swift */ = {isa = PBXFileReference; lastKnownFileType = sourcecode.swift; path = Cafe.swift; sourceTree = "<group>"; };
		DC85A8AB2864B7D800A60679 /* WalkingGround.swift */ = {isa = PBXFileReference; lastKnownFileType = sourcecode.swift; path = WalkingGround.swift; sourceTree = "<group>"; };
		DC85A8AD2864B94900A60679 /* Shop.swift */ = {isa = PBXFileReference; lastKnownFileType = sourcecode.swift; path = Shop.swift; sourceTree = "<group>"; };
		DC85A8AF2864FC0200A60679 /* MyAnnotation.swift */ = {isa = PBXFileReference; lastKnownFileType = sourcecode.swift; path = MyAnnotation.swift; sourceTree = "<group>"; };
		DC85A8B22865062800A60679 /* MapCollectionViewCell.swift */ = {isa = PBXFileReference; lastKnownFileType = sourcecode.swift; path = MapCollectionViewCell.swift; sourceTree = "<group>"; };
		DCA8571A286DB9E2006692CA /* ListViewController.swift */ = {isa = PBXFileReference; lastKnownFileType = sourcecode.swift; path = ListViewController.swift; sourceTree = "<group>"; };
		DCA8571C286DBA27006692CA /* ListViewControllerCell.swift */ = {isa = PBXFileReference; lastKnownFileType = sourcecode.swift; path = ListViewControllerCell.swift; sourceTree = "<group>"; };
		DD0BBF3D286CFFB400D3310A /* OwnerInformationViewController.swift */ = {isa = PBXFileReference; lastKnownFileType = sourcecode.swift; path = OwnerInformationViewController.swift; sourceTree = "<group>"; };
		DD69D80B2851307E00CE464B /* User.swift */ = {isa = PBXFileReference; lastKnownFileType = sourcecode.swift; path = User.swift; sourceTree = "<group>"; };
		DD69D80D2851308D00CE464B /* Font.swift */ = {isa = PBXFileReference; lastKnownFileType = sourcecode.swift; path = Font.swift; sourceTree = "<group>"; };
		DD69D8102851376600CE464B /* MapViewController.swift */ = {isa = PBXFileReference; lastKnownFileType = sourcecode.swift; path = MapViewController.swift; sourceTree = "<group>"; };
		DD69D8122851377A00CE464B /* LoginToProfileViewController.swift */ = {isa = PBXFileReference; lastKnownFileType = sourcecode.swift; path = LoginToProfileViewController.swift; sourceTree = "<group>"; };
		DD69D8142851379100CE464B /* CareViewController.swift */ = {isa = PBXFileReference; lastKnownFileType = sourcecode.swift; path = CareViewController.swift; sourceTree = "<group>"; };
		DD98592228621C37008801A1 /* PetsVille.entitlements */ = {isa = PBXFileReference; lastKnownFileType = text.plist.entitlements; path = PetsVille.entitlements; sourceTree = "<group>"; };
		DD985976286B6807008801A1 /* ShowProfileViewController.swift */ = {isa = PBXFileReference; lastKnownFileType = sourcecode.swift; path = ShowProfileViewController.swift; sourceTree = "<group>"; };
		DD985979286B9D3E008801A1 /* PetsTableViewCell.swift */ = {isa = PBXFileReference; lastKnownFileType = sourcecode.swift; path = PetsTableViewCell.swift; sourceTree = "<group>"; };
		DDB56D34283C0B6400C16CC3 /* CoreDataManager.swift */ = {isa = PBXFileReference; lastKnownFileType = sourcecode.swift; path = CoreDataManager.swift; sourceTree = "<group>"; };
		DDB56D36283C0B7C00C16CC3 /* NotificationManager.swift */ = {isa = PBXFileReference; lastKnownFileType = sourcecode.swift; path = NotificationManager.swift; sourceTree = "<group>"; };
		DDB56D38283C0BAA00C16CC3 /* UIFont+.swift */ = {isa = PBXFileReference; lastKnownFileType = sourcecode.swift; path = "UIFont+.swift"; sourceTree = "<group>"; };
		DDB56D3A283C0BB700C16CC3 /* UIColor+.swift */ = {isa = PBXFileReference; lastKnownFileType = sourcecode.swift; path = "UIColor+.swift"; sourceTree = "<group>"; };
		DDB56D3D283C0DA300C16CC3 /* FirebaseManager.swift */ = {isa = PBXFileReference; lastKnownFileType = sourcecode.swift; path = FirebaseManager.swift; sourceTree = "<group>"; };
		DDBBD723283C071B0092847A /* PetsVille.app */ = {isa = PBXFileReference; explicitFileType = wrapper.application; includeInIndex = 0; path = PetsVille.app; sourceTree = BUILT_PRODUCTS_DIR; };
		DDBBD726283C071B0092847A /* AppDelegate.swift */ = {isa = PBXFileReference; lastKnownFileType = sourcecode.swift; path = AppDelegate.swift; sourceTree = "<group>"; };
		DDBBD728283C071B0092847A /* SceneDelegate.swift */ = {isa = PBXFileReference; lastKnownFileType = sourcecode.swift; path = SceneDelegate.swift; sourceTree = "<group>"; };
		DDBBD72A283C071B0092847A /* MainTabBarController.swift */ = {isa = PBXFileReference; lastKnownFileType = sourcecode.swift; path = MainTabBarController.swift; sourceTree = "<group>"; };
		DDBBD730283C071B0092847A /* PetsVille.xcdatamodel */ = {isa = PBXFileReference; lastKnownFileType = wrapper.xcdatamodel; path = PetsVille.xcdatamodel; sourceTree = "<group>"; };
		DDBBD732283C071D0092847A /* Assets.xcassets */ = {isa = PBXFileReference; lastKnownFileType = folder.assetcatalog; path = Assets.xcassets; sourceTree = "<group>"; };
		DDBBD735283C071D0092847A /* Base */ = {isa = PBXFileReference; lastKnownFileType = file.storyboard; name = Base; path = Base.lproj/LaunchScreen.storyboard; sourceTree = "<group>"; };
		DDBBD737283C071D0092847A /* Info.plist */ = {isa = PBXFileReference; lastKnownFileType = text.plist.xml; path = Info.plist; sourceTree = "<group>"; };
		DDC1087C285BAEB700F5116E /* RegistrationViewController.swift */ = {isa = PBXFileReference; lastKnownFileType = sourcecode.swift; path = RegistrationViewController.swift; sourceTree = "<group>"; };
		DDC1087E28609DA000F5116E /* GoogleService-Info.plist */ = {isa = PBXFileReference; fileEncoding = 4; lastKnownFileType = text.plist.xml; path = "GoogleService-Info.plist"; sourceTree = "<group>"; };
		DDCEC6AA286DBF8000BC31DA /* UITextField+.swift */ = {isa = PBXFileReference; lastKnownFileType = sourcecode.swift; path = "UITextField+.swift"; sourceTree = "<group>"; };
/* End PBXFileReference section */

/* Begin PBXFrameworksBuildPhase section */
		DDBBD720283C071B0092847A /* Frameworks */ = {
			isa = PBXFrameworksBuildPhase;
			buildActionMask = 2147483647;
			files = (
				DD9859562864E632008801A1 /* FacebookBasics in Frameworks */,
				DD9859582864E632008801A1 /* FacebookCore in Frameworks */,
				DD9859712864E689008801A1 /* FirebaseMessaging in Frameworks */,
				DD98596F2864E689008801A1 /* FirebaseInstallations in Frameworks */,
				DD98595C2864E632008801A1 /* FacebookShare in Frameworks */,
				DD9859692864E689008801A1 /* FirebaseFirestore in Frameworks */,
				DD98595F2864E689008801A1 /* FirebaseAnalytics in Frameworks */,
				DD9859612864E689008801A1 /* FirebaseAppCheck in Frameworks */,
				DD9859732864E689008801A1 /* FirebaseStorage in Frameworks */,
				DD9859652864E689008801A1 /* FirebaseCrashlytics in Frameworks */,
				DD9859672864E689008801A1 /* FirebaseDatabase in Frameworks */,
				DD9859632864E689008801A1 /* FirebaseAuth in Frameworks */,
				DD98596B2864E689008801A1 /* FirebaseFunctions in Frameworks */,
				DD98595A2864E632008801A1 /* FacebookLogin in Frameworks */,
				DD98596D2864E689008801A1 /* FirebaseInAppMessaging-Beta in Frameworks */,
			);
			runOnlyForDeploymentPostprocessing = 0;
		};
/* End PBXFrameworksBuildPhase section */

/* Begin PBXGroup section */
		355C0E8A285643400076ABC4 /* CareViewControllers  */ = {
			isa = PBXGroup;
			children = (
				35F52B2B2858BF4E002C37E3 /* CareViewController */,
				355C0E8B285643690076ABC4 /* MedicineViewController.swift */,
				355C0E8D285643BD0076ABC4 /* СalendarViewController.swift */,
				355C0E94285644410076ABC4 /* NursingViewController.swift */,
				355C0E972856448E0076ABC4 /* SubscriptionViewController.swift */,
			);
			path = "CareViewControllers ";
			sourceTree = "<group>";
		};
		355C0E9A285647170076ABC4 /* Cells */ = {
			isa = PBXGroup;
			children = (
				355C0E9B2856473E0076ABC4 /* CareCollectionViewCell.swift */,
			);
			path = Cells;
			sourceTree = "<group>";
		};
		35F52B2B2858BF4E002C37E3 /* CareViewController */ = {
			isa = PBXGroup;
			children = (
				35F52B2C2858BF69002C37E3 /* ResizibleLayout.swift */,
				DD69D8142851379100CE464B /* CareViewController.swift */,
				355C0E9A285647170076ABC4 /* Cells */,
			);
			path = CareViewController;
			sourceTree = "<group>";
		};
		DC85A8A62864B76200A60679 /* MapModels */ = {
			isa = PBXGroup;
			children = (
				DC85A8A72864B79C00A60679 /* Object.swift */,
				DC85A8AF2864FC0200A60679 /* MyAnnotation.swift */,
				DC85A8AD2864B94900A60679 /* Shop.swift */,
				DC85A8AB2864B7D800A60679 /* WalkingGround.swift */,
				DC85A8A92864B7CA00A60679 /* Cafe.swift */,
			);
			path = MapModels;
			sourceTree = "<group>";
		};
		DC85A8B1286505FF00A60679 /* Cells */ = {
			isa = PBXGroup;
			children = (
				DC85A8B22865062800A60679 /* MapCollectionViewCell.swift */,
				DCA8571C286DBA27006692CA /* ListViewControllerCell.swift */,
			);
			path = Cells;
			sourceTree = "<group>";
		};
		DD0BBF3C286CFF9000D3310A /* AddInformation */ = {
			isa = PBXGroup;
			children = (
				DD0BBF3D286CFFB400D3310A /* OwnerInformationViewController.swift */,
			);
			path = AddInformation;
			sourceTree = "<group>";
		};
		DD69D80F2851372000CE464B /* MainControllers */ = {
			isa = PBXGroup;
			children = (
				DD69D81828513CC700CE464B /* Profile */,
				DD69D81728513CC000CE464B /* Care */,
				DD69D81628513CB200CE464B /* Map */,
			);
			path = MainControllers;
			sourceTree = "<group>";
		};
		DD69D81628513CB200CE464B /* Map */ = {
			isa = PBXGroup;
			children = (
				DD69D8102851376600CE464B /* MapViewController.swift */,
				DCA8571A286DB9E2006692CA /* ListViewController.swift */,
				DC85A8B1286505FF00A60679 /* Cells */,
			);
			path = Map;
			sourceTree = "<group>";
		};
		DD69D81728513CC000CE464B /* Care */ = {
			isa = PBXGroup;
			children = (
				355C0E8A285643400076ABC4 /* CareViewControllers  */,
			);
			path = Care;
			sourceTree = "<group>";
		};
		DD69D81828513CC700CE464B /* Profile */ = {
			isa = PBXGroup;
			children = (
				DD0BBF3C286CFF9000D3310A /* AddInformation */,
				DD985978286B9D16008801A1 /* Cells */,
				DD985974286B67CB008801A1 /* Auth */,
				DD985976286B6807008801A1 /* ShowProfileViewController.swift */,
			);
			path = Profile;
			sourceTree = "<group>";
		};
		DD985974286B67CB008801A1 /* Auth */ = {
			isa = PBXGroup;
			children = (
				DDC1087C285BAEB700F5116E /* RegistrationViewController.swift */,
				DD69D8122851377A00CE464B /* LoginToProfileViewController.swift */,
			);
			path = Auth;
			sourceTree = "<group>";
		};
		DD985978286B9D16008801A1 /* Cells */ = {
			isa = PBXGroup;
			children = (
				DD985979286B9D3E008801A1 /* PetsTableViewCell.swift */,
			);
			path = Cells;
			sourceTree = "<group>";
		};
		DDB56D2F283C094B00C16CC3 /* Controller */ = {
			isa = PBXGroup;
			children = (
				DD69D80F2851372000CE464B /* MainControllers */,
				DDBBD72A283C071B0092847A /* MainTabBarController.swift */,
			);
			path = Controller;
			sourceTree = "<group>";
		};
		DDB56D30283C094E00C16CC3 /* View */ = {
			isa = PBXGroup;
			children = (
				DDBBD734283C071D0092847A /* LaunchScreen.storyboard */,
			);
			path = View;
			sourceTree = "<group>";
		};
		DDB56D31283C095100C16CC3 /* Model */ = {
			isa = PBXGroup;
			children = (
				DD69D80B2851307E00CE464B /* User.swift */,
				DC85A8A62864B76200A60679 /* MapModels */,
			);
			path = Model;
			sourceTree = "<group>";
		};
		DDB56D32283C0A9E00C16CC3 /* Extension */ = {
			isa = PBXGroup;
			children = (
				DDB56D3C283C0BC200C16CC3 /* Font */,
				DDB56D38283C0BAA00C16CC3 /* UIFont+.swift */,
				DDB56D3A283C0BB700C16CC3 /* UIColor+.swift */,
				355C0E9F2856636B0076ABC4 /* UIView+.swift */,
				35D1B0CC285724E400022C5D /* UIStackView+.swift */,
				35229CC828649C8A00E9C917 /* UIViewController+.swift */,
				DDCEC6AA286DBF8000BC31DA /* UITextField+.swift */,
			);
			path = Extension;
			sourceTree = "<group>";
		};
		DDB56D33283C0AD400C16CC3 /* Manager */ = {
			isa = PBXGroup;
			children = (
				DDB56D34283C0B6400C16CC3 /* CoreDataManager.swift */,
				DDB56D36283C0B7C00C16CC3 /* NotificationManager.swift */,
				DDB56D3D283C0DA300C16CC3 /* FirebaseManager.swift */,
			);
			path = Manager;
			sourceTree = "<group>";
		};
		DDB56D3C283C0BC200C16CC3 /* Font */ = {
			isa = PBXGroup;
			children = (
				35B06542286EE6B20056723E /* Montserrat-Medium.ttf */,
				35B06544286EE6C30056723E /* Montserrat-Regular.ttf */,
				35B06546286EE6D90056723E /* Montserrat-SemiBold.ttf */,
				35B06548286EE6E90056723E /* Montserrat-Bold.ttf */,
				DD69D80D2851308D00CE464B /* Font.swift */,
			);
			path = Font;
			sourceTree = "<group>";
		};
		DDBBD71A283C071B0092847A = {
			isa = PBXGroup;
			children = (
				DDBBD725283C071B0092847A /* PetsVille */,
				DDBBD724283C071B0092847A /* Products */,
			);
			sourceTree = "<group>";
		};
		DDBBD724283C071B0092847A /* Products */ = {
			isa = PBXGroup;
			children = (
				DDBBD723283C071B0092847A /* PetsVille.app */,
			);
			name = Products;
			sourceTree = "<group>";
		};
		DDBBD725283C071B0092847A /* PetsVille */ = {
			isa = PBXGroup;
			children = (
				DD98592228621C37008801A1 /* PetsVille.entitlements */,
				DDB56D33283C0AD400C16CC3 /* Manager */,
				DDB56D32283C0A9E00C16CC3 /* Extension */,
				DDB56D31283C095100C16CC3 /* Model */,
				DDB56D30283C094E00C16CC3 /* View */,
				DDB56D2F283C094B00C16CC3 /* Controller */,
				DDBBD726283C071B0092847A /* AppDelegate.swift */,
				DDBBD728283C071B0092847A /* SceneDelegate.swift */,
				DDBBD732283C071D0092847A /* Assets.xcassets */,
				DDBBD737283C071D0092847A /* Info.plist */,
				DDC1087E28609DA000F5116E /* GoogleService-Info.plist */,
				DDBBD72F283C071B0092847A /* PetsVille.xcdatamodeld */,
			);
			path = PetsVille;
			sourceTree = "<group>";
		};
/* End PBXGroup section */

/* Begin PBXNativeTarget section */
		DDBBD722283C071B0092847A /* PetsVille */ = {
			isa = PBXNativeTarget;
			buildConfigurationList = DDBBD73A283C071D0092847A /* Build configuration list for PBXNativeTarget "PetsVille" */;
			buildPhases = (
				DDBBD71F283C071B0092847A /* Sources */,
				DDBBD720283C071B0092847A /* Frameworks */,
				DDBBD721283C071B0092847A /* Resources */,
			);
			buildRules = (
			);
			dependencies = (
			);
			name = PetsVille;
			packageProductDependencies = (
				DD9859552864E632008801A1 /* FacebookBasics */,
				DD9859572864E632008801A1 /* FacebookCore */,
				DD9859592864E632008801A1 /* FacebookLogin */,
				DD98595B2864E632008801A1 /* FacebookShare */,
				DD98595E2864E689008801A1 /* FirebaseAnalytics */,
				DD9859602864E689008801A1 /* FirebaseAppCheck */,
				DD9859622864E689008801A1 /* FirebaseAuth */,
				DD9859642864E689008801A1 /* FirebaseCrashlytics */,
				DD9859662864E689008801A1 /* FirebaseDatabase */,
				DD9859682864E689008801A1 /* FirebaseFirestore */,
				DD98596A2864E689008801A1 /* FirebaseFunctions */,
				DD98596C2864E689008801A1 /* FirebaseInAppMessaging-Beta */,
				DD98596E2864E689008801A1 /* FirebaseInstallations */,
				DD9859702864E689008801A1 /* FirebaseMessaging */,
				DD9859722864E689008801A1 /* FirebaseStorage */,
			);
			productName = PetsVille;
			productReference = DDBBD723283C071B0092847A /* PetsVille.app */;
			productType = "com.apple.product-type.application";
		};
/* End PBXNativeTarget section */

/* Begin PBXProject section */
		DDBBD71B283C071B0092847A /* Project object */ = {
			isa = PBXProject;
			attributes = {
				BuildIndependentTargetsInParallel = 1;
				LastSwiftUpdateCheck = 1340;
				LastUpgradeCheck = 1340;
				TargetAttributes = {
					DDBBD722283C071B0092847A = {
						CreatedOnToolsVersion = 13.4;
					};
				};
			};
			buildConfigurationList = DDBBD71E283C071B0092847A /* Build configuration list for PBXProject "PetsVille" */;
			compatibilityVersion = "Xcode 13.0";
			developmentRegion = en;
			hasScannedForEncodings = 0;
			knownRegions = (
				en,
				Base,
			);
			mainGroup = DDBBD71A283C071B0092847A;
			packageReferences = (
				DD9859542864E632008801A1 /* XCRemoteSwiftPackageReference "facebook-ios-sdk" */,
				DD98595D2864E689008801A1 /* XCRemoteSwiftPackageReference "firebase-ios-sdk" */,
			);
			productRefGroup = DDBBD724283C071B0092847A /* Products */;
			projectDirPath = "";
			projectRoot = "";
			targets = (
				DDBBD722283C071B0092847A /* PetsVille */,
			);
		};
/* End PBXProject section */

/* Begin PBXResourcesBuildPhase section */
		DDBBD721283C071B0092847A /* Resources */ = {
			isa = PBXResourcesBuildPhase;
			buildActionMask = 2147483647;
			files = (
				35B06545286EE6C30056723E /* Montserrat-Regular.ttf in Resources */,
				DDBBD736283C071D0092847A /* LaunchScreen.storyboard in Resources */,
				DDBBD733283C071D0092847A /* Assets.xcassets in Resources */,
				35B06543286EE6B30056723E /* Montserrat-Medium.ttf in Resources */,
				35B06549286EE6E90056723E /* Montserrat-Bold.ttf in Resources */,
				35B06547286EE6DA0056723E /* Montserrat-SemiBold.ttf in Resources */,
				DDC1087F28609DA100F5116E /* GoogleService-Info.plist in Resources */,
			);
			runOnlyForDeploymentPostprocessing = 0;
		};
/* End PBXResourcesBuildPhase section */

/* Begin PBXSourcesBuildPhase section */
		DDBBD71F283C071B0092847A /* Sources */ = {
			isa = PBXSourcesBuildPhase;
			buildActionMask = 2147483647;
			files = (
				DCA8571B286DB9E2006692CA /* ListViewController.swift in Sources */,
				355C0EA02856636B0076ABC4 /* UIView+.swift in Sources */,
				DC85A8B02864FC0200A60679 /* MyAnnotation.swift in Sources */,
				355C0E982856448E0076ABC4 /* SubscriptionViewController.swift in Sources */,
				35229CC928649C8A00E9C917 /* UIViewController+.swift in Sources */,
				DDB56D37283C0B7C00C16CC3 /* NotificationManager.swift in Sources */,
				DD69D80E2851308D00CE464B /* Font.swift in Sources */,
				DDB56D3B283C0BB700C16CC3 /* UIColor+.swift in Sources */,
				DC85A8A82864B79C00A60679 /* Object.swift in Sources */,
				35F52B2D2858BF69002C37E3 /* ResizibleLayout.swift in Sources */,
				355C0E8C285643690076ABC4 /* MedicineViewController.swift in Sources */,
				DC85A8AC2864B7D800A60679 /* WalkingGround.swift in Sources */,
				355C0E9C2856473E0076ABC4 /* CareCollectionViewCell.swift in Sources */,
				DD985977286B6807008801A1 /* ShowProfileViewController.swift in Sources */,
				DC85A8AE2864B94900A60679 /* Shop.swift in Sources */,
				DDCEC6AB286DBF8000BC31DA /* UITextField+.swift in Sources */,
				35D1B0CD285724E400022C5D /* UIStackView+.swift in Sources */,
				DDBBD72B283C071B0092847A /* MainTabBarController.swift in Sources */,
				DD0BBF3E286CFFB400D3310A /* OwnerInformationViewController.swift in Sources */,
				DC85A8B32865062800A60679 /* MapCollectionViewCell.swift in Sources */,
				DD98597A286B9D3E008801A1 /* PetsTableViewCell.swift in Sources */,
				DC85A8AA2864B7CA00A60679 /* Cafe.swift in Sources */,
				DDB56D3E283C0DA300C16CC3 /* FirebaseManager.swift in Sources */,
				DDBBD727283C071B0092847A /* AppDelegate.swift in Sources */,
				DDB56D39283C0BAA00C16CC3 /* UIFont+.swift in Sources */,
				DD69D8112851376600CE464B /* MapViewController.swift in Sources */,
				DCA8571D286DBA27006692CA /* ListViewControllerCell.swift in Sources */,
				DDBBD731283C071B0092847A /* PetsVille.xcdatamodeld in Sources */,
				DDC1087D285BAEB700F5116E /* RegistrationViewController.swift in Sources */,
				DD69D8152851379100CE464B /* CareViewController.swift in Sources */,
				DDB56D35283C0B6400C16CC3 /* CoreDataManager.swift in Sources */,
				355C0E95285644410076ABC4 /* NursingViewController.swift in Sources */,
				DD69D8132851377A00CE464B /* LoginToProfileViewController.swift in Sources */,
				DD69D80C2851307F00CE464B /* User.swift in Sources */,
				355C0E8E285643BD0076ABC4 /* СalendarViewController.swift in Sources */,
				DDBBD729283C071B0092847A /* SceneDelegate.swift in Sources */,
			);
			runOnlyForDeploymentPostprocessing = 0;
		};
/* End PBXSourcesBuildPhase section */

/* Begin PBXVariantGroup section */
		DDBBD734283C071D0092847A /* LaunchScreen.storyboard */ = {
			isa = PBXVariantGroup;
			children = (
				DDBBD735283C071D0092847A /* Base */,
			);
			name = LaunchScreen.storyboard;
			sourceTree = "<group>";
		};
/* End PBXVariantGroup section */

/* Begin XCBuildConfiguration section */
		DDBBD738283C071D0092847A /* Debug */ = {
			isa = XCBuildConfiguration;
			buildSettings = {
				ALWAYS_SEARCH_USER_PATHS = NO;
				CLANG_ANALYZER_NONNULL = YES;
				CLANG_ANALYZER_NUMBER_OBJECT_CONVERSION = YES_AGGRESSIVE;
				CLANG_CXX_LANGUAGE_STANDARD = "gnu++17";
				CLANG_ENABLE_MODULES = YES;
				CLANG_ENABLE_OBJC_ARC = YES;
				CLANG_ENABLE_OBJC_WEAK = YES;
				CLANG_WARN_BLOCK_CAPTURE_AUTORELEASING = YES;
				CLANG_WARN_BOOL_CONVERSION = YES;
				CLANG_WARN_COMMA = YES;
				CLANG_WARN_CONSTANT_CONVERSION = YES;
				CLANG_WARN_DEPRECATED_OBJC_IMPLEMENTATIONS = YES;
				CLANG_WARN_DIRECT_OBJC_ISA_USAGE = YES_ERROR;
				CLANG_WARN_DOCUMENTATION_COMMENTS = YES;
				CLANG_WARN_EMPTY_BODY = YES;
				CLANG_WARN_ENUM_CONVERSION = YES;
				CLANG_WARN_INFINITE_RECURSION = YES;
				CLANG_WARN_INT_CONVERSION = YES;
				CLANG_WARN_NON_LITERAL_NULL_CONVERSION = YES;
				CLANG_WARN_OBJC_IMPLICIT_RETAIN_SELF = YES;
				CLANG_WARN_OBJC_LITERAL_CONVERSION = YES;
				CLANG_WARN_OBJC_ROOT_CLASS = YES_ERROR;
				CLANG_WARN_QUOTED_INCLUDE_IN_FRAMEWORK_HEADER = YES;
				CLANG_WARN_RANGE_LOOP_ANALYSIS = YES;
				CLANG_WARN_STRICT_PROTOTYPES = YES;
				CLANG_WARN_SUSPICIOUS_MOVE = YES;
				CLANG_WARN_UNGUARDED_AVAILABILITY = YES_AGGRESSIVE;
				CLANG_WARN_UNREACHABLE_CODE = YES;
				CLANG_WARN__DUPLICATE_METHOD_MATCH = YES;
				COPY_PHASE_STRIP = NO;
				DEBUG_INFORMATION_FORMAT = dwarf;
				ENABLE_STRICT_OBJC_MSGSEND = YES;
				ENABLE_TESTABILITY = YES;
				GCC_C_LANGUAGE_STANDARD = gnu11;
				GCC_DYNAMIC_NO_PIC = NO;
				GCC_NO_COMMON_BLOCKS = YES;
				GCC_OPTIMIZATION_LEVEL = 0;
				GCC_PREPROCESSOR_DEFINITIONS = (
					"DEBUG=1",
					"$(inherited)",
				);
				GCC_WARN_64_TO_32_BIT_CONVERSION = YES;
				GCC_WARN_ABOUT_RETURN_TYPE = YES_ERROR;
				GCC_WARN_UNDECLARED_SELECTOR = YES;
				GCC_WARN_UNINITIALIZED_AUTOS = YES_AGGRESSIVE;
				GCC_WARN_UNUSED_FUNCTION = YES;
				GCC_WARN_UNUSED_VARIABLE = YES;
				IPHONEOS_DEPLOYMENT_TARGET = 15.5;
				MTL_ENABLE_DEBUG_INFO = INCLUDE_SOURCE;
				MTL_FAST_MATH = YES;
				ONLY_ACTIVE_ARCH = YES;
				SDKROOT = iphoneos;
				SWIFT_ACTIVE_COMPILATION_CONDITIONS = DEBUG;
				SWIFT_OPTIMIZATION_LEVEL = "-Onone";
			};
			name = Debug;
		};
		DDBBD739283C071D0092847A /* Release */ = {
			isa = XCBuildConfiguration;
			buildSettings = {
				ALWAYS_SEARCH_USER_PATHS = NO;
				CLANG_ANALYZER_NONNULL = YES;
				CLANG_ANALYZER_NUMBER_OBJECT_CONVERSION = YES_AGGRESSIVE;
				CLANG_CXX_LANGUAGE_STANDARD = "gnu++17";
				CLANG_ENABLE_MODULES = YES;
				CLANG_ENABLE_OBJC_ARC = YES;
				CLANG_ENABLE_OBJC_WEAK = YES;
				CLANG_WARN_BLOCK_CAPTURE_AUTORELEASING = YES;
				CLANG_WARN_BOOL_CONVERSION = YES;
				CLANG_WARN_COMMA = YES;
				CLANG_WARN_CONSTANT_CONVERSION = YES;
				CLANG_WARN_DEPRECATED_OBJC_IMPLEMENTATIONS = YES;
				CLANG_WARN_DIRECT_OBJC_ISA_USAGE = YES_ERROR;
				CLANG_WARN_DOCUMENTATION_COMMENTS = YES;
				CLANG_WARN_EMPTY_BODY = YES;
				CLANG_WARN_ENUM_CONVERSION = YES;
				CLANG_WARN_INFINITE_RECURSION = YES;
				CLANG_WARN_INT_CONVERSION = YES;
				CLANG_WARN_NON_LITERAL_NULL_CONVERSION = YES;
				CLANG_WARN_OBJC_IMPLICIT_RETAIN_SELF = YES;
				CLANG_WARN_OBJC_LITERAL_CONVERSION = YES;
				CLANG_WARN_OBJC_ROOT_CLASS = YES_ERROR;
				CLANG_WARN_QUOTED_INCLUDE_IN_FRAMEWORK_HEADER = YES;
				CLANG_WARN_RANGE_LOOP_ANALYSIS = YES;
				CLANG_WARN_STRICT_PROTOTYPES = YES;
				CLANG_WARN_SUSPICIOUS_MOVE = YES;
				CLANG_WARN_UNGUARDED_AVAILABILITY = YES_AGGRESSIVE;
				CLANG_WARN_UNREACHABLE_CODE = YES;
				CLANG_WARN__DUPLICATE_METHOD_MATCH = YES;
				COPY_PHASE_STRIP = NO;
				DEBUG_INFORMATION_FORMAT = "dwarf-with-dsym";
				ENABLE_NS_ASSERTIONS = NO;
				ENABLE_STRICT_OBJC_MSGSEND = YES;
				GCC_C_LANGUAGE_STANDARD = gnu11;
				GCC_NO_COMMON_BLOCKS = YES;
				GCC_WARN_64_TO_32_BIT_CONVERSION = YES;
				GCC_WARN_ABOUT_RETURN_TYPE = YES_ERROR;
				GCC_WARN_UNDECLARED_SELECTOR = YES;
				GCC_WARN_UNINITIALIZED_AUTOS = YES_AGGRESSIVE;
				GCC_WARN_UNUSED_FUNCTION = YES;
				GCC_WARN_UNUSED_VARIABLE = YES;
				IPHONEOS_DEPLOYMENT_TARGET = 15.5;
				MTL_ENABLE_DEBUG_INFO = NO;
				MTL_FAST_MATH = YES;
				SDKROOT = iphoneos;
				SWIFT_COMPILATION_MODE = wholemodule;
				SWIFT_OPTIMIZATION_LEVEL = "-O";
				VALIDATE_PRODUCT = YES;
			};
			name = Release;
		};
		DDBBD73B283C071D0092847A /* Debug */ = {
			isa = XCBuildConfiguration;
			buildSettings = {
				ASSETCATALOG_COMPILER_APPICON_NAME = AppIcon;
				ASSETCATALOG_COMPILER_GLOBAL_ACCENT_COLOR_NAME = AccentColor;
				CODE_SIGN_ENTITLEMENTS = PetsVille/PetsVille.entitlements;
				CODE_SIGN_IDENTITY = "Apple Development";
				CODE_SIGN_STYLE = Automatic;
				CURRENT_PROJECT_VERSION = 1;
				DEVELOPMENT_TEAM = B9S2MDX3F7;
				GENERATE_INFOPLIST_FILE = YES;
				INFOPLIST_FILE = PetsVille/Info.plist;
				INFOPLIST_KEY_NSCameraUsageDescription = "Разрешить использовать камеру телефона?";
				INFOPLIST_KEY_NSLocationWhenInUseUsageDescription = "";
				INFOPLIST_KEY_UIApplicationSupportsIndirectInputEvents = YES;
				INFOPLIST_KEY_UILaunchStoryboardName = LaunchScreen;
				INFOPLIST_KEY_UISupportedInterfaceOrientations = UIInterfaceOrientationPortrait;
				INFOPLIST_KEY_UISupportedInterfaceOrientations_iPad = "UIInterfaceOrientationPortrait UIInterfaceOrientationPortraitUpsideDown UIInterfaceOrientationLandscapeLeft UIInterfaceOrientationLandscapeRight";
				INFOPLIST_KEY_UISupportedInterfaceOrientations_iPhone = "UIInterfaceOrientationPortrait UIInterfaceOrientationLandscapeLeft UIInterfaceOrientationLandscapeRight";
				IPHONEOS_DEPLOYMENT_TARGET = 15.5;
				LD_RUNPATH_SEARCH_PATHS = (
					"$(inherited)",
					"@executable_path/Frameworks",
				);
				MARKETING_VERSION = 1.0;
				PRODUCT_BUNDLE_IDENTIFIER = com.PetsVille;
				PRODUCT_NAME = "$(TARGET_NAME)";
				PROVISIONING_PROFILE_SPECIFIER = "";
				SWIFT_EMIT_LOC_STRINGS = YES;
				SWIFT_VERSION = 5.0;
				TARGETED_DEVICE_FAMILY = 1;
			};
			name = Debug;
		};
		DDBBD73C283C071D0092847A /* Release */ = {
			isa = XCBuildConfiguration;
			buildSettings = {
				ASSETCATALOG_COMPILER_APPICON_NAME = AppIcon;
				ASSETCATALOG_COMPILER_GLOBAL_ACCENT_COLOR_NAME = AccentColor;
				CODE_SIGN_ENTITLEMENTS = PetsVille/PetsVille.entitlements;
				CODE_SIGN_IDENTITY = "Apple Development";
				CODE_SIGN_STYLE = Automatic;
				CURRENT_PROJECT_VERSION = 1;
				DEVELOPMENT_TEAM = B9S2MDX3F7;
				GENERATE_INFOPLIST_FILE = YES;
				INFOPLIST_FILE = PetsVille/Info.plist;
				INFOPLIST_KEY_NSCameraUsageDescription = "Разрешить использовать камеру телефона?";
				INFOPLIST_KEY_NSLocationWhenInUseUsageDescription = "";
				INFOPLIST_KEY_UIApplicationSupportsIndirectInputEvents = YES;
				INFOPLIST_KEY_UILaunchStoryboardName = LaunchScreen;
				INFOPLIST_KEY_UISupportedInterfaceOrientations = UIInterfaceOrientationPortrait;
				INFOPLIST_KEY_UISupportedInterfaceOrientations_iPad = "UIInterfaceOrientationPortrait UIInterfaceOrientationPortraitUpsideDown UIInterfaceOrientationLandscapeLeft UIInterfaceOrientationLandscapeRight";
				INFOPLIST_KEY_UISupportedInterfaceOrientations_iPhone = "UIInterfaceOrientationPortrait UIInterfaceOrientationLandscapeLeft UIInterfaceOrientationLandscapeRight";
				IPHONEOS_DEPLOYMENT_TARGET = 15.5;
				LD_RUNPATH_SEARCH_PATHS = (
					"$(inherited)",
					"@executable_path/Frameworks",
				);
				MARKETING_VERSION = 1.0;
				PRODUCT_BUNDLE_IDENTIFIER = com.PetsVille;
				PRODUCT_NAME = "$(TARGET_NAME)";
				PROVISIONING_PROFILE_SPECIFIER = "";
				SWIFT_EMIT_LOC_STRINGS = YES;
				SWIFT_VERSION = 5.0;
				TARGETED_DEVICE_FAMILY = 1;
			};
			name = Release;
		};
/* End XCBuildConfiguration section */

/* Begin XCConfigurationList section */
		DDBBD71E283C071B0092847A /* Build configuration list for PBXProject "PetsVille" */ = {
			isa = XCConfigurationList;
			buildConfigurations = (
				DDBBD738283C071D0092847A /* Debug */,
				DDBBD739283C071D0092847A /* Release */,
			);
			defaultConfigurationIsVisible = 0;
			defaultConfigurationName = Release;
		};
		DDBBD73A283C071D0092847A /* Build configuration list for PBXNativeTarget "PetsVille" */ = {
			isa = XCConfigurationList;
			buildConfigurations = (
				DDBBD73B283C071D0092847A /* Debug */,
				DDBBD73C283C071D0092847A /* Release */,
			);
			defaultConfigurationIsVisible = 0;
			defaultConfigurationName = Release;
		};
/* End XCConfigurationList section */

/* Begin XCRemoteSwiftPackageReference section */
		DD9859542864E632008801A1 /* XCRemoteSwiftPackageReference "facebook-ios-sdk" */ = {
			isa = XCRemoteSwiftPackageReference;
			repositoryURL = "https://github.com/facebook/facebook-ios-sdk";
			requirement = {
				kind = upToNextMajorVersion;
				minimumVersion = 14.0.0;
			};
		};
		DD98595D2864E689008801A1 /* XCRemoteSwiftPackageReference "firebase-ios-sdk" */ = {
			isa = XCRemoteSwiftPackageReference;
			repositoryURL = "https://github.com/firebase/firebase-ios-sdk";
			requirement = {
				kind = upToNextMajorVersion;
				minimumVersion = 9.0.0;
			};
		};
/* End XCRemoteSwiftPackageReference section */

/* Begin XCSwiftPackageProductDependency section */
		DD9859552864E632008801A1 /* FacebookBasics */ = {
			isa = XCSwiftPackageProductDependency;
			package = DD9859542864E632008801A1 /* XCRemoteSwiftPackageReference "facebook-ios-sdk" */;
			productName = FacebookBasics;
		};
		DD9859572864E632008801A1 /* FacebookCore */ = {
			isa = XCSwiftPackageProductDependency;
			package = DD9859542864E632008801A1 /* XCRemoteSwiftPackageReference "facebook-ios-sdk" */;
			productName = FacebookCore;
		};
		DD9859592864E632008801A1 /* FacebookLogin */ = {
			isa = XCSwiftPackageProductDependency;
			package = DD9859542864E632008801A1 /* XCRemoteSwiftPackageReference "facebook-ios-sdk" */;
			productName = FacebookLogin;
		};
		DD98595B2864E632008801A1 /* FacebookShare */ = {
			isa = XCSwiftPackageProductDependency;
			package = DD9859542864E632008801A1 /* XCRemoteSwiftPackageReference "facebook-ios-sdk" */;
			productName = FacebookShare;
		};
		DD98595E2864E689008801A1 /* FirebaseAnalytics */ = {
			isa = XCSwiftPackageProductDependency;
			package = DD98595D2864E689008801A1 /* XCRemoteSwiftPackageReference "firebase-ios-sdk" */;
			productName = FirebaseAnalytics;
		};
		DD9859602864E689008801A1 /* FirebaseAppCheck */ = {
			isa = XCSwiftPackageProductDependency;
			package = DD98595D2864E689008801A1 /* XCRemoteSwiftPackageReference "firebase-ios-sdk" */;
			productName = FirebaseAppCheck;
		};
		DD9859622864E689008801A1 /* FirebaseAuth */ = {
			isa = XCSwiftPackageProductDependency;
			package = DD98595D2864E689008801A1 /* XCRemoteSwiftPackageReference "firebase-ios-sdk" */;
			productName = FirebaseAuth;
		};
		DD9859642864E689008801A1 /* FirebaseCrashlytics */ = {
			isa = XCSwiftPackageProductDependency;
			package = DD98595D2864E689008801A1 /* XCRemoteSwiftPackageReference "firebase-ios-sdk" */;
			productName = FirebaseCrashlytics;
		};
		DD9859662864E689008801A1 /* FirebaseDatabase */ = {
			isa = XCSwiftPackageProductDependency;
			package = DD98595D2864E689008801A1 /* XCRemoteSwiftPackageReference "firebase-ios-sdk" */;
			productName = FirebaseDatabase;
		};
		DD9859682864E689008801A1 /* FirebaseFirestore */ = {
			isa = XCSwiftPackageProductDependency;
			package = DD98595D2864E689008801A1 /* XCRemoteSwiftPackageReference "firebase-ios-sdk" */;
			productName = FirebaseFirestore;
		};
		DD98596A2864E689008801A1 /* FirebaseFunctions */ = {
			isa = XCSwiftPackageProductDependency;
			package = DD98595D2864E689008801A1 /* XCRemoteSwiftPackageReference "firebase-ios-sdk" */;
			productName = FirebaseFunctions;
		};
		DD98596C2864E689008801A1 /* FirebaseInAppMessaging-Beta */ = {
			isa = XCSwiftPackageProductDependency;
			package = DD98595D2864E689008801A1 /* XCRemoteSwiftPackageReference "firebase-ios-sdk" */;
			productName = "FirebaseInAppMessaging-Beta";
		};
		DD98596E2864E689008801A1 /* FirebaseInstallations */ = {
			isa = XCSwiftPackageProductDependency;
			package = DD98595D2864E689008801A1 /* XCRemoteSwiftPackageReference "firebase-ios-sdk" */;
			productName = FirebaseInstallations;
		};
		DD9859702864E689008801A1 /* FirebaseMessaging */ = {
			isa = XCSwiftPackageProductDependency;
			package = DD98595D2864E689008801A1 /* XCRemoteSwiftPackageReference "firebase-ios-sdk" */;
			productName = FirebaseMessaging;
		};
		DD9859722864E689008801A1 /* FirebaseStorage */ = {
			isa = XCSwiftPackageProductDependency;
			package = DD98595D2864E689008801A1 /* XCRemoteSwiftPackageReference "firebase-ios-sdk" */;
			productName = FirebaseStorage;
		};
/* End XCSwiftPackageProductDependency section */

/* Begin XCVersionGroup section */
		DDBBD72F283C071B0092847A /* PetsVille.xcdatamodeld */ = {
			isa = XCVersionGroup;
			children = (
				DDBBD730283C071B0092847A /* PetsVille.xcdatamodel */,
			);
			currentVersion = DDBBD730283C071B0092847A /* PetsVille.xcdatamodel */;
			path = PetsVille.xcdatamodeld;
			sourceTree = "<group>";
			versionGroupType = wrapper.xcdatamodel;
		};
/* End XCVersionGroup section */
	};
	rootObject = DDBBD71B283C071B0092847A /* Project object */;
}
